# THIS IS AN AUTOGENERATED FILE. DO NOT EDIT THIS FILE DIRECTLY.
# yarn lockfile v1


JSONStream@^1.0.0:
  version "1.3.1"
  resolved "https://registry.yarnpkg.com/JSONStream/-/JSONStream-1.3.1.tgz#707f761e01dae9e16f1bcf93703b78c70966579a"
  dependencies:
    jsonparse "^1.2.0"
    through ">=2.2.7 <3"

ansicolors@~0.2.1:
  version "0.2.1"
  resolved "https://registry.yarnpkg.com/ansicolors/-/ansicolors-0.2.1.tgz#be089599097b74a5c9c4a84a0cdbcdb62bd87aef"

artillery-async@^1.0.2:
  version "1.0.2"
  resolved "https://registry.yarnpkg.com/artillery-async/-/artillery-async-1.0.2.tgz#2154ae02c1e638af81f48d1fff50b13d6f7ee4d7"

balanced-match@^0.4.1:
  version "0.4.2"
  resolved "https://registry.yarnpkg.com/balanced-match/-/balanced-match-0.4.2.tgz#cb3f3e3c732dc0f01ee70b403f302e61d7709838"

base64-js@0.0.2:
  version "0.0.2"
  resolved "https://registry.yarnpkg.com/base64-js/-/base64-js-0.0.2.tgz#024f0f72afa25b75f9c0ee73cd4f55ec1bed9784"

bops@0.0.6:
  version "0.0.6"
  resolved "https://registry.yarnpkg.com/bops/-/bops-0.0.6.tgz#082d1d55fa01e60dbdc2ebc2dba37f659554cf3a"
  dependencies:
    base64-js "0.0.2"
    to-utf8 "0.0.1"

brace-expansion@^1.0.0:
  version "1.1.7"
  resolved "https://registry.yarnpkg.com/brace-expansion/-/brace-expansion-1.1.7.tgz#3effc3c50e000531fb720eaff80f0ae8ef23cf59"
  dependencies:
    balanced-match "^0.4.1"
    concat-map "0.0.1"

cardinal@~0.4.2:
  version "0.4.4"
  resolved "https://registry.yarnpkg.com/cardinal/-/cardinal-0.4.4.tgz#ca5bb68a5b511b90fe93b9acea49bdee5c32bfe2"
  dependencies:
    ansicolors "~0.2.1"
    redeyed "~0.4.0"

concat-map@0.0.1:
  version "0.0.1"
  resolved "https://registry.yarnpkg.com/concat-map/-/concat-map-0.0.1.tgz#d8a96bd77fd68df7793a73036a3ba0d5405d477b"

concat-stream@~1.2.1:
  version "1.2.1"
  resolved "https://registry.yarnpkg.com/concat-stream/-/concat-stream-1.2.1.tgz#f35100b6c46378bfba8b6b80f9f0d0ccdf13dc60"
  dependencies:
    bops "0.0.6"

core-util-is@~1.0.0:
  version "1.0.2"
  resolved "https://registry.yarnpkg.com/core-util-is/-/core-util-is-1.0.2.tgz#b5fd54220aa2bc5ab57aab7140c940754503c1a7"

duplexer@~0.1.1:
  version "0.1.1"
  resolved "https://registry.yarnpkg.com/duplexer/-/duplexer-0.1.1.tgz#ace6ff808c1ce66b57d1ebf97977acb02334cfc1"

esprima@~1.0.4:
  version "1.0.4"
  resolved "https://registry.yarnpkg.com/esprima/-/esprima-1.0.4.tgz#9f557e08fc3b4d26ece9dd34f8fbf476b62585ad"

event-stream@^3.3.4:
  version "3.3.4"
  resolved "https://registry.yarnpkg.com/event-stream/-/event-stream-3.3.4.tgz#4ab4c9a0f5a54db9338b4c34d86bfce8f4b35571"
  dependencies:
    duplexer "~0.1.1"
    from "~0"
    map-stream "~0.1.0"
    pause-stream "0.0.11"
    split "0.3"
    stream-combiner "~0.0.4"
    through "~2.3.1"

expect.js@~0.2.0:
  version "0.2.0"
  resolved "https://registry.yarnpkg.com/expect.js/-/expect.js-0.2.0.tgz#1028533d2c1c363f74a6796ff57ec0520ded2be1"

extent@0.2.0:
  version "0.2.0"
  resolved "https://registry.yarnpkg.com/extent/-/extent-0.2.0.tgz#efad0869682d3628bdbeeb140c1f4d0023e6bec4"

filendir@1.0.0:
  version "1.0.0"
  resolved "https://registry.yarnpkg.com/filendir/-/filendir-1.0.0.tgz#745b445afcc4970a4cdb00fd9539c77ed942adf6"
  dependencies:
    mkdirp "^0.5.0"

from@~0:
  version "0.1.7"
  resolved "https://registry.yarnpkg.com/from/-/from-0.1.7.tgz#83c60afc58b9c56997007ed1a768b3ab303a44fe"

fs.realpath@^1.0.0:
  version "1.0.0"
  resolved "https://registry.yarnpkg.com/fs.realpath/-/fs.realpath-1.0.0.tgz#1504ad2523158caa40db4a2787cb01411994ea4f"

geojson-coords@0.0.0:
  version "0.0.0"
  resolved "https://registry.yarnpkg.com/geojson-coords/-/geojson-coords-0.0.0.tgz#dcdba86612da6be6b9511f16f38e90fcccb6dd75"
  dependencies:
    geojson-flatten "~0.1.0"
    geojson-normalize "0.0.0"

geojson-extent@0.3.2:
  version "0.3.2"
  resolved "https://registry.yarnpkg.com/geojson-extent/-/geojson-extent-0.3.2.tgz#2ee5f3fabf0c7659c0509e05782910dfe1df27e8"
  dependencies:
    extent "0.2.0"
    geojson-coords "0.0.0"
    rw "~0.1.4"
    traverse "~0.6.6"

geojson-flatten@~0.1.0:
  version "0.1.0"
  resolved "https://registry.yarnpkg.com/geojson-flatten/-/geojson-flatten-0.1.0.tgz#c1c6f96bbb5713114c9b14a0b4ba80f47e4622cb"
  dependencies:
    concat-stream "~1.2.1"
    minimist "0.0.5"
    sharkdown "~0.1.0"

geojson-normalize@0.0.0:
  version "0.0.0"
  resolved "https://registry.yarnpkg.com/geojson-normalize/-/geojson-normalize-0.0.0.tgz#2dbc3678cd1b31b8179e876bda70cd120dde35c0"

geojson-stream@mapbox/geojson-stream:
  version "0.0.1"
  resolved "https://codeload.github.com/mapbox/geojson-stream/tar.gz/2a599297c79ad39f2ae211d53b499a1fc9419b10"
  dependencies:
    JSONStream "^1.0.0"
    through "^2.3.4"

geojson-vt@2.1.8:
  version "2.1.8"
  resolved "https://registry.yarnpkg.com/geojson-vt/-/geojson-vt-2.1.8.tgz#7bc0b8d7a972cfe1430143048a45e071f915d462"

glob@^7.0.0:
  version "7.1.1"
  resolved "https://registry.yarnpkg.com/glob/-/glob-7.1.1.tgz#805211df04faaf1c63a3600306cdf5ade50b2ec8"
  dependencies:
    fs.realpath "^1.0.0"
    inflight "^1.0.4"
    inherits "2"
    minimatch "^3.0.2"
    once "^1.3.0"
    path-is-absolute "^1.0.0"

http-https@^1.0.0:
  version "1.0.0"
  resolved "https://registry.yarnpkg.com/http-https/-/http-https-1.0.0.tgz#2f908dd5f1db4068c058cd6e6d4ce392c913389b"

ieee754@^1.1.6:
  version "1.1.8"
  resolved "https://registry.yarnpkg.com/ieee754/-/ieee754-1.1.8.tgz#be33d40ac10ef1926701f6f08a2d86fbfd1ad3e4"

inflight@^1.0.4:
  version "1.0.6"
  resolved "https://registry.yarnpkg.com/inflight/-/inflight-1.0.6.tgz#49bd6331d7d02d0c09bc910a1075ba8165b56df9"
  dependencies:
    once "^1.3.0"
    wrappy "1"

inherits@2, inherits@~2.0.1:
  version "2.0.3"
  resolved "https://registry.yarnpkg.com/inherits/-/inherits-2.0.3.tgz#633c2c83e3da42a502f52466022480f4208261de"

interpret@^1.0.0:
  version "1.0.3"
  resolved "https://registry.yarnpkg.com/interpret/-/interpret-1.0.3.tgz#cbc35c62eeee73f19ab7b10a801511401afc0f90"

isarray@0.0.1:
  version "0.0.1"
  resolved "https://registry.yarnpkg.com/isarray/-/isarray-0.0.1.tgz#8a18acfca9a8f4177e09abfc6038939b05d1eedf"

jsonparse@^1.2.0:
  version "1.3.0"
  resolved "https://registry.yarnpkg.com/jsonparse/-/jsonparse-1.3.0.tgz#85fc245b1d9259acc6941960b905adf64e7de0e8"

left-pad@1.1.0:
  version "1.1.0"
  resolved "https://registry.yarnpkg.com/left-pad/-/left-pad-1.1.0.tgz#47a2daf581ede454334dee6c6036cae00d912e4d"

map-stream@~0.1.0:
  version "0.1.0"
  resolved "https://registry.yarnpkg.com/map-stream/-/map-stream-0.1.0.tgz#e56aa94c4c8055a16404a0674b78f215f7c8e194"

minimatch@^3.0.2:
  version "3.0.3"
  resolved "https://registry.yarnpkg.com/minimatch/-/minimatch-3.0.3.tgz#2a4e4090b96b2db06a9d7df01055a62a77c9b774"
  dependencies:
    brace-expansion "^1.0.0"

minimist@0.0.5:
  version "0.0.5"
  resolved "https://registry.yarnpkg.com/minimist/-/minimist-0.0.5.tgz#d7aa327bcecf518f9106ac6b8f003fa3bcea8566"

minimist@0.0.8:
  version "0.0.8"
  resolved "https://registry.yarnpkg.com/minimist/-/minimist-0.0.8.tgz#857fcabfc3397d2625b8228262e86aa7a011b05d"

mkdirp@^0.5.0:
  version "0.5.1"
  resolved "https://registry.yarnpkg.com/mkdirp/-/mkdirp-0.5.1.tgz#30057438eac6cf7f8c4767f38648d6697d75c903"
  dependencies:
    minimist "0.0.8"

oboe@2.1.2:
  version "2.1.2"
  resolved "https://registry.yarnpkg.com/oboe/-/oboe-2.1.2.tgz#691d851c09a42c6cc2b2bc53c5add63a507357f3"
  dependencies:
    http-https "^1.0.0"

once@^1.3.0:
  version "1.4.0"
  resolved "https://registry.yarnpkg.com/once/-/once-1.4.0.tgz#583b1aa775961d4b113ac17d9c50baef9dd76bd1"
  dependencies:
    wrappy "1"

os-tmpdir@~1.0.1:
  version "1.0.2"
  resolved "https://registry.yarnpkg.com/os-tmpdir/-/os-tmpdir-1.0.2.tgz#bbe67406c79aa85c5cfec766fe5734555dfa1274"

path-is-absolute@^1.0.0:
  version "1.0.1"
  resolved "https://registry.yarnpkg.com/path-is-absolute/-/path-is-absolute-1.0.1.tgz#174b9268735534ffbc7ace6bf53a5a9e1b5c5f5f"

path-parse@^1.0.5:
  version "1.0.5"
  resolved "https://registry.yarnpkg.com/path-parse/-/path-parse-1.0.5.tgz#3c1adf871ea9cd6c9431b6ea2bd74a0ff055c4c1"

pause-stream@0.0.11:
  version "0.0.11"
  resolved "https://registry.yarnpkg.com/pause-stream/-/pause-stream-0.0.11.tgz#fe5a34b0cbce12b5aa6a2b403ee2e73b602f1445"
  dependencies:
    through "~2.3"

pbf@^1.3.2:
  version "1.3.7"
  resolved "https://registry.yarnpkg.com/pbf/-/pbf-1.3.7.tgz#1e3d047ba3cbe8086ae854a25503ab4537d4335d"
  dependencies:
    ieee754 "^1.1.6"
    resolve-protobuf-schema "^2.0.0"

point-geometry@0.0.0:
  version "0.0.0"
  resolved "https://registry.yarnpkg.com/point-geometry/-/point-geometry-0.0.0.tgz#6fcbcad7a803b6418247dd6e49c2853c584daff7"

protocol-buffers-schema@^2.0.2:
  version "2.2.0"
  resolved "https://registry.yarnpkg.com/protocol-buffers-schema/-/protocol-buffers-schema-2.2.0.tgz#d29c6cd73fb655978fb6989691180db844119f61"

readable-stream@~1.1.0:
  version "1.1.14"
  resolved "https://registry.yarnpkg.com/readable-stream/-/readable-stream-1.1.14.tgz#7cf4c54ef648e3813084c636dd2079e166c081d9"
  dependencies:
    core-util-is "~1.0.0"
    inherits "~2.0.1"
    isarray "0.0.1"
    string_decoder "~0.10.x"

rechoir@^0.6.2:
  version "0.6.2"
  resolved "https://registry.yarnpkg.com/rechoir/-/rechoir-0.6.2.tgz#85204b54dba82d5742e28c96756ef43af50e3384"
  dependencies:
    resolve "^1.1.6"

redeyed@~0.4.0:
  version "0.4.4"
  resolved "https://registry.yarnpkg.com/redeyed/-/redeyed-0.4.4.tgz#37e990a6f2b21b2a11c2e6a48fd4135698cba97f"
  dependencies:
    esprima "~1.0.4"

resolve-protobuf-schema@^2.0.0:
  version "2.0.0"
  resolved "https://registry.yarnpkg.com/resolve-protobuf-schema/-/resolve-protobuf-schema-2.0.0.tgz#e67b062a67f02d11bd6886e70efda788407e0fb4"
  dependencies:
    protocol-buffers-schema "^2.0.2"

resolve@^1.1.6:
  version "1.3.3"
  resolved "https://registry.yarnpkg.com/resolve/-/resolve-1.3.3.tgz#655907c3469a8680dc2de3a275a8fdd69691f0e5"
  dependencies:
    path-parse "^1.0.5"

rimraf@2.5.2:
  version "2.5.2"
  resolved "https://registry.yarnpkg.com/rimraf/-/rimraf-2.5.2.tgz#62ba947fa4c0b4363839aefecd4f0fbad6059726"
  dependencies:
    glob "^7.0.0"

rw@~0.1.4:
  version "0.1.4"
  resolved "https://registry.yarnpkg.com/rw/-/rw-0.1.4.tgz#4903cbd80248ae0ede685bf58fd236a7a9b29a3e"

sharkdown@~0.1.0:
  version "0.1.0"
  resolved "https://registry.yarnpkg.com/sharkdown/-/sharkdown-0.1.0.tgz#61d4fe529e75d02442127cc9234362265099214f"
  dependencies:
    cardinal "~0.4.2"
    expect.js "~0.2.0"
    minimist "0.0.5"
    split "~0.2.10"
    stream-spigot "~2.1.2"
    through "~2.3.4"

shelljs@^0.7.5:
  version "0.7.7"
  resolved "https://registry.yarnpkg.com/shelljs/-/shelljs-0.7.7.tgz#b2f5c77ef97148f4b4f6e22682e10bba8667cff1"
  dependencies:
    glob "^7.0.0"
    interpret "^1.0.0"
    rechoir "^0.6.2"

sphericalmercator@1.0.5:
  version "1.0.5"
  resolved "https://registry.yarnpkg.com/sphericalmercator/-/sphericalmercator-1.0.5.tgz#ddc5a049e360e000d0fad9fc22c4071882584980"

split@0.3:
  version "0.3.3"
  resolved "https://registry.yarnpkg.com/split/-/split-0.3.3.tgz#cd0eea5e63a211dfff7eb0f091c4133e2d0dd28f"
  dependencies:
    through "2"

split@~0.2.10:
  version "0.2.10"
  resolved "https://registry.yarnpkg.com/split/-/split-0.2.10.tgz#67097c601d697ce1368f418f06cd201cf0521a57"
  dependencies:
    through "2"

stream-combiner@~0.0.4:
  version "0.0.4"
  resolved "https://registry.yarnpkg.com/stream-combiner/-/stream-combiner-0.0.4.tgz#4d5e433c185261dde623ca3f44c586bcf5c4ad14"
  dependencies:
    duplexer "~0.1.1"

stream-spigot@~2.1.2:
  version "2.1.2"
  resolved "https://registry.yarnpkg.com/stream-spigot/-/stream-spigot-2.1.2.tgz#7de145e819f8dd0db45090d13dcf73a8ed3cc035"
  dependencies:
    readable-stream "~1.1.0"

string_decoder@~0.10.x:
  version "0.10.31"
  resolved "https://registry.yarnpkg.com/string_decoder/-/string_decoder-0.10.31.tgz#62e203bc41766c6c28c9fc84301dab1c5310fa94"

through@2, "through@>=2.2.7 <3", through@^2.3.4, through@~2.3, through@~2.3.1, through@~2.3.4:
  version "2.3.8"
  resolved "https://registry.yarnpkg.com/through/-/through-2.3.8.tgz#0dd4c9ffaabc357960b1b724115d7e0e86a2e1f5"

tmp@0.0.31:
  version "0.0.31"
  resolved "https://registry.yarnpkg.com/tmp/-/tmp-0.0.31.tgz#8f38ab9438e17315e5dbd8b3657e8bfb277ae4a7"
  dependencies:
    os-tmpdir "~1.0.1"

to-utf8@0.0.1:
  version "0.0.1"
  resolved "https://registry.yarnpkg.com/to-utf8/-/to-utf8-0.0.1.tgz#d17aea72ff2fba39b9e43601be7b3ff72e089852"

traverse@~0.6.6:
  version "0.6.6"
  resolved "https://registry.yarnpkg.com/traverse/-/traverse-0.6.6.tgz#cbdf560fd7b9af632502fed40f918c157ea97137"

vector-tile@^1.1.3:
  version "1.3.0"
  resolved "https://registry.yarnpkg.com/vector-tile/-/vector-tile-1.3.0.tgz#06d516a83b063f04c82ef539cf1bb1aebeb696b4"
  dependencies:
    point-geometry "0.0.0"

vt-pbf@2.0.2:
  version "2.0.2"
  resolved "https://registry.yarnpkg.com/vt-pbf/-/vt-pbf-2.0.2.tgz#6033e55ae72522b58c449edb82f246cafbd21266"
  dependencies:
    pbf "^1.3.2"
    point-geometry "0.0.0"
    vector-tile "^1.1.3"

web-mercator-tiles@wilg/web-mercator-tiles:
  version "0.0.1"
  resolved "https://codeload.github.com/wilg/web-mercator-tiles/tar.gz/3ac23d64eaa45908a35b62617fee7955c1b69c74"

wrappy@1:
  version "1.0.2"
  resolved "https://registry.yarnpkg.com/wrappy/-/wrappy-1.0.2.tgz#b5243d8f3ec1aa35f1364605bc0d1036e30ab69f"
